
Microsoft Visual Studio Solution File, Format Version 12.00
# Visual Studio Version 17
VisualStudioVersion = 17.9.34728.123
MinimumVisualStudioVersion = 10.0.40219.1
Project("{8BC9CEB8-8B4A-11D0-8D11-00A0C91BC942}") = "GM31", "GM31.vcxproj", "{CBAF2B92-4D36-4D7B-A468-A02CF1A58B37}"
EndProject
Global
	GlobalSection(SolutionConfigurationPlatforms) = preSolution
		Debug|x64 = Debug|x64
		Debug|x86 = Debug|x86
		Release|x64 = Release|x64
		Release|x86 = Release|x86
	EndGlobalSection
	GlobalSection(ProjectConfigurationPlatforms) = postSolution
		{CBAF2B92-4D36-4D7B-A468-A02CF1A58B37}.Debug|x64.ActiveCfg = Debug|x64
		{CBAF2B92-4D36-4D7B-A468-A02CF1A58B37}.Debug|x64.Build.0 = Debug|x64
		{CBAF2B92-4D36-4D7B-A468-A02CF1A58B37}.Debug|x86.ActiveCfg = Debug|Win32
		{CBAF2B92-4D36-4D7B-A468-A02CF1A58B37}.Debug|x86.Build.0 = Debug|Win32
		{CBAF2B92-4D36-4D7B-A468-A02CF1A58B37}.Release|x64.ActiveCfg = Release|x64
		{CBAF2B92-4D36-4D7B-A468-A02CF1A58B37}.Release|x64.Build.0 = Release|x64
		{CBAF2B92-4D36-4D7B-A468-A02CF1A58B37}.Release|x86.ActiveCfg = Release|Win32
		{CBAF2B92-4D36-4D7B-A468-A02CF1A58B37}.Release|x86.Build.0 = Release|Win32
	EndGlobalSection
	GlobalSection(SolutionProperties) = preSolution
		HideSolutionNode = FALSE
	EndGlobalSection
	GlobalSection(ExtensibilityGlobals) = postSolution
		SolutionGuid = {FDF269DB-4E89-481A-B057-0F38C680E56F}
	EndGlobalSection
EndGlobal
